
Microsoft Visual Studio Solution File, Format Version 12.00
# Visual Studio 15
VisualStudioVersion = 15.0.26430.14
MinimumVisualStudioVersion = 10.0.40219.1
Project("{2150E333-8FDC-42A3-9474-1A3956D46DE8}") = "_Solution Items", "_Solution Items", "{9197CC9F-A225-4F17-977D-626788924A43}"
	ProjectSection(SolutionItems) = preProject
		.gitignore = .gitignore
		.travis.yml = .travis.yml
		build.ps1 = build.ps1
		global.json = global.json
		LICENSE = LICENSE
		.nuget\nuget.config = .nuget\nuget.config
		README.md = README.md
	EndProjectSection
EndProject
Project("{2150E333-8FDC-42A3-9474-1A3956D46DE8}") = "Vs Plugins", "Vs Plugins", "{E5583D20-43DA-4E54-87F7-285D96B0D65C}"
EndProject
Project("{2150E333-8FDC-42A3-9474-1A3956D46DE8}") = "ExamplesAndClients", "ExamplesAndClients", "{8199F92A-13CC-4A15-B513-8ED83A791781}"
EndProject
Project("{FAE04EC0-301F-11D3-BF4B-00C04F79EFBC}") = "StingyJunk", "src\StingyJunk\StingyJunk.csproj", "{6DE9C742-0154-48B1-90E0-DE72A6121538}"
EndProject
Project("{FAE04EC0-301F-11D3-BF4B-00C04F79EFBC}") = "StingyJunk.CodeGen", "src\StingyJunk.CodeGen\StingyJunk.CodeGen.csproj", "{97C0A748-F4F6-44E0-89FA-AD10D38C9C06}"
EndProject
Project("{FAE04EC0-301F-11D3-BF4B-00C04F79EFBC}") = "StingyJunk.Console", "src\StingyJunk.Console\StingyJunk.Console.csproj", "{C5CD84F4-C154-46E7-97EE-FE5BA5FFAFB7}"
EndProject
Global
	GlobalSection(SolutionConfigurationPlatforms) = preSolution
		Debug|Any CPU = Debug|Any CPU
		RegenCodeFiles|Any CPU = RegenCodeFiles|Any CPU
		Release|Any CPU = Release|Any CPU
	EndGlobalSection
	GlobalSection(ProjectConfigurationPlatforms) = postSolution
		{6DE9C742-0154-48B1-90E0-DE72A6121538}.Debug|Any CPU.ActiveCfg = Debug|Any CPU
		{6DE9C742-0154-48B1-90E0-DE72A6121538}.Debug|Any CPU.Build.0 = Debug|Any CPU
		{6DE9C742-0154-48B1-90E0-DE72A6121538}.RegenCodeFiles|Any CPU.ActiveCfg = RegenCodeFiles|Any CPU
		{6DE9C742-0154-48B1-90E0-DE72A6121538}.RegenCodeFiles|Any CPU.Build.0 = RegenCodeFiles|Any CPU
		{6DE9C742-0154-48B1-90E0-DE72A6121538}.Release|Any CPU.ActiveCfg = Release|Any CPU
		{6DE9C742-0154-48B1-90E0-DE72A6121538}.Release|Any CPU.Build.0 = Release|Any CPU
		{97C0A748-F4F6-44E0-89FA-AD10D38C9C06}.Debug|Any CPU.ActiveCfg = Debug|Any CPU
		{97C0A748-F4F6-44E0-89FA-AD10D38C9C06}.Debug|Any CPU.Build.0 = Debug|Any CPU
		{97C0A748-F4F6-44E0-89FA-AD10D38C9C06}.RegenCodeFiles|Any CPU.ActiveCfg = Release|Any CPU
		{97C0A748-F4F6-44E0-89FA-AD10D38C9C06}.RegenCodeFiles|Any CPU.Build.0 = Release|Any CPU
		{97C0A748-F4F6-44E0-89FA-AD10D38C9C06}.Release|Any CPU.ActiveCfg = Release|Any CPU
		{97C0A748-F4F6-44E0-89FA-AD10D38C9C06}.Release|Any CPU.Build.0 = Release|Any CPU
		{C5CD84F4-C154-46E7-97EE-FE5BA5FFAFB7}.Debug|Any CPU.ActiveCfg = Debug|Any CPU
		{C5CD84F4-C154-46E7-97EE-FE5BA5FFAFB7}.Debug|Any CPU.Build.0 = Debug|Any CPU
		{C5CD84F4-C154-46E7-97EE-FE5BA5FFAFB7}.RegenCodeFiles|Any CPU.ActiveCfg = Release|Any CPU
		{C5CD84F4-C154-46E7-97EE-FE5BA5FFAFB7}.RegenCodeFiles|Any CPU.Build.0 = Release|Any CPU
		{C5CD84F4-C154-46E7-97EE-FE5BA5FFAFB7}.Release|Any CPU.ActiveCfg = Release|Any CPU
		{C5CD84F4-C154-46E7-97EE-FE5BA5FFAFB7}.Release|Any CPU.Build.0 = Release|Any CPU
	EndGlobalSection
	GlobalSection(SolutionProperties) = preSolution
		HideSolutionNode = FALSE
	EndGlobalSection
EndGlobal
