
Microsoft Visual Studio Solution File, Format Version 12.00
# Visual Studio 15
VisualStudioVersion = 15.0.26430.13
MinimumVisualStudioVersion = 10.0.40219.1
Project("{2150E333-8FDC-42A3-9474-1A3956D46DE8}") = "Solution Items", "Solution Items", "{9197CC9F-A225-4F17-977D-626788924A43}"
	ProjectSection(SolutionItems) = preProject
		..\.gitignore = ..\.gitignore
		..\.travis.yml = ..\.travis.yml
		..\build.ps1 = ..\build.ps1
		ConsoleHelpers.cs = ConsoleHelpers.cs
		..\global.json = ..\global.json
		..\LICENSE = ..\LICENSE
		..\nuget.config = ..\nuget.config
		..\Readme.md = ..\Readme.md
		SharedAssemblyInfo.cs = SharedAssemblyInfo.cs
	EndProjectSection
EndProject
Project("{2150E333-8FDC-42A3-9474-1A3956D46DE8}") = "CodeAnalysis", "CodeAnalysis", "{E5583D20-43DA-4E54-87F7-285D96B0D65C}"
EndProject
Project("{FAE04EC0-301F-11D3-BF4B-00C04F79EFBC}") = "StingyJunk.Analyzers.Test", "StingyJunk.Analyzers.Test\StingyJunk.Analyzers.Test.csproj", "{93CA7365-E9A4-4422-B360-8B6245925EC4}"
EndProject
Project("{FAE04EC0-301F-11D3-BF4B-00C04F79EFBC}") = "StingyJunk.Analyzers.Vsix", "StingyJunk.Analyzers.Vsix\StingyJunk.Analyzers.Vsix.csproj", "{B9BEBE88-BE39-4FA1-8204-3E12FE048840}"
EndProject
Project("{FAE04EC0-301F-11D3-BF4B-00C04F79EFBC}") = "StingyJunk", "StingyJunk\StingyJunk.csproj", "{6DE9C742-0154-48B1-90E0-DE72A6121538}"
EndProject
Project("{FAE04EC0-301F-11D3-BF4B-00C04F79EFBC}") = "StingyJunk.Tfs", "StingyJunk.Tfs\StingyJunk.Tfs.csproj", "{F7E2A944-0371-45B3-BF80-6D1B2B1FA025}"
EndProject
Project("{FAE04EC0-301F-11D3-BF4B-00C04F79EFBC}") = "StingyJunk.Analyzers", "StingyJunk.Analyzers\StingyJunk.Analyzers.csproj", "{9FD92FF8-300A-4C01-8D68-CE3D692A0FB3}"
EndProject
Project("{FAE04EC0-301F-11D3-BF4B-00C04F79EFBC}") = "StingyJunk.Vsix", "StingyJunk.Vsix\StingyJunk.Vsix.csproj", "{59040C96-D78B-4776-A42A-83EC97FC4F36}"
EndProject
Project("{FAE04EC0-301F-11D3-BF4B-00C04F79EFBC}") = "StingyJunk.Compilation", "StingyJunk.Compilation\StingyJunk.Compilation.csproj", "{76394E8A-3192-4E68-9B9D-BA585ECC19C0}"
EndProject
Project("{FAE04EC0-301F-11D3-BF4B-00C04F79EFBC}") = "StingyJunk.IO", "StingyJunk.IO\StingyJunk.IO.csproj", "{47F9EDF3-E711-4121-B819-83AFDB05F071}"
EndProject
Project("{FAE04EC0-301F-11D3-BF4B-00C04F79EFBC}") = "StingyJunk.IO.ExampleServer", "StingyJunk.IO.ExampleServer\StingyJunk.IO.ExampleServer.csproj", "{F8A2EA94-BF4E-436B-B180-9ABE10675F7A}"
EndProject
Project("{FAE04EC0-301F-11D3-BF4B-00C04F79EFBC}") = "StingyJunk.IO.ExampleClients", "StingyJunk.IO.ExampleClient\StingyJunk.IO.ExampleClients.csproj", "{3B410201-4A88-4035-A757-CE7E41521BF9}"
	ProjectSection(ProjectDependencies) = postProject
		{F8A2EA94-BF4E-436B-B180-9ABE10675F7A} = {F8A2EA94-BF4E-436B-B180-9ABE10675F7A}
	EndProjectSection
EndProject
Project("{FAE04EC0-301F-11D3-BF4B-00C04F79EFBC}") = "StingyJunk.Console", "StingyJunk.Console\StingyJunk.Console.csproj", "{C5CD84F4-C154-46E7-97EE-FE5BA5FFAFB7}"
EndProject
Project("{FAE04EC0-301F-11D3-BF4B-00C04F79EFBC}") = "StingyJunk.Console.Example", "StingyJunk.Console.Example\StingyJunk.Console.Example.csproj", "{B2EA6CC7-021A-4344-8675-4249A3638C64}"
EndProject
Project("{FAE04EC0-301F-11D3-BF4B-00C04F79EFBC}") = "StingyJunk.Salesforce", "StingyJunk.Salesforce\StingyJunk.Salesforce.csproj", "{71478FC5-8257-423A-A549-5CE04DD87673}"
EndProject
Global
	GlobalSection(SolutionConfigurationPlatforms) = preSolution
		Debug|Any CPU = Debug|Any CPU
		RegenCodeFiles|Any CPU = RegenCodeFiles|Any CPU
		Release|Any CPU = Release|Any CPU
	EndGlobalSection
	GlobalSection(ProjectConfigurationPlatforms) = postSolution
		{93CA7365-E9A4-4422-B360-8B6245925EC4}.Debug|Any CPU.ActiveCfg = Debug|Any CPU
		{93CA7365-E9A4-4422-B360-8B6245925EC4}.Debug|Any CPU.Build.0 = Debug|Any CPU
		{93CA7365-E9A4-4422-B360-8B6245925EC4}.RegenCodeFiles|Any CPU.ActiveCfg = RegenCodeFiles|Any CPU
		{93CA7365-E9A4-4422-B360-8B6245925EC4}.Release|Any CPU.ActiveCfg = Release|Any CPU
		{93CA7365-E9A4-4422-B360-8B6245925EC4}.Release|Any CPU.Build.0 = Release|Any CPU
		{B9BEBE88-BE39-4FA1-8204-3E12FE048840}.Debug|Any CPU.ActiveCfg = Debug|Any CPU
		{B9BEBE88-BE39-4FA1-8204-3E12FE048840}.Debug|Any CPU.Build.0 = Debug|Any CPU
		{B9BEBE88-BE39-4FA1-8204-3E12FE048840}.RegenCodeFiles|Any CPU.ActiveCfg = RegenCodeFiles|Any CPU
		{B9BEBE88-BE39-4FA1-8204-3E12FE048840}.Release|Any CPU.ActiveCfg = Release|Any CPU
		{6DE9C742-0154-48B1-90E0-DE72A6121538}.Debug|Any CPU.ActiveCfg = Debug|Any CPU
		{6DE9C742-0154-48B1-90E0-DE72A6121538}.Debug|Any CPU.Build.0 = Debug|Any CPU
		{6DE9C742-0154-48B1-90E0-DE72A6121538}.RegenCodeFiles|Any CPU.ActiveCfg = RegenCodeFiles|Any CPU
		{6DE9C742-0154-48B1-90E0-DE72A6121538}.RegenCodeFiles|Any CPU.Build.0 = RegenCodeFiles|Any CPU
		{6DE9C742-0154-48B1-90E0-DE72A6121538}.Release|Any CPU.ActiveCfg = Release|Any CPU
		{6DE9C742-0154-48B1-90E0-DE72A6121538}.Release|Any CPU.Build.0 = Release|Any CPU
		{F7E2A944-0371-45B3-BF80-6D1B2B1FA025}.Debug|Any CPU.ActiveCfg = Debug|Any CPU
		{F7E2A944-0371-45B3-BF80-6D1B2B1FA025}.Debug|Any CPU.Build.0 = Debug|Any CPU
		{F7E2A944-0371-45B3-BF80-6D1B2B1FA025}.RegenCodeFiles|Any CPU.ActiveCfg = RegenCodeFiles|Any CPU
		{F7E2A944-0371-45B3-BF80-6D1B2B1FA025}.RegenCodeFiles|Any CPU.Build.0 = RegenCodeFiles|Any CPU
		{F7E2A944-0371-45B3-BF80-6D1B2B1FA025}.Release|Any CPU.ActiveCfg = Release|Any CPU
		{F7E2A944-0371-45B3-BF80-6D1B2B1FA025}.Release|Any CPU.Build.0 = Release|Any CPU
		{9FD92FF8-300A-4C01-8D68-CE3D692A0FB3}.Debug|Any CPU.ActiveCfg = Debug|Any CPU
		{9FD92FF8-300A-4C01-8D68-CE3D692A0FB3}.Debug|Any CPU.Build.0 = Debug|Any CPU
		{9FD92FF8-300A-4C01-8D68-CE3D692A0FB3}.RegenCodeFiles|Any CPU.ActiveCfg = RegenCodeFiles|Any CPU
		{9FD92FF8-300A-4C01-8D68-CE3D692A0FB3}.RegenCodeFiles|Any CPU.Build.0 = RegenCodeFiles|Any CPU
		{9FD92FF8-300A-4C01-8D68-CE3D692A0FB3}.Release|Any CPU.ActiveCfg = Release|Any CPU
		{9FD92FF8-300A-4C01-8D68-CE3D692A0FB3}.Release|Any CPU.Build.0 = Release|Any CPU
		{59040C96-D78B-4776-A42A-83EC97FC4F36}.Debug|Any CPU.ActiveCfg = Debug|Any CPU
		{59040C96-D78B-4776-A42A-83EC97FC4F36}.Debug|Any CPU.Build.0 = Debug|Any CPU
		{59040C96-D78B-4776-A42A-83EC97FC4F36}.RegenCodeFiles|Any CPU.ActiveCfg = Release|Any CPU
		{59040C96-D78B-4776-A42A-83EC97FC4F36}.RegenCodeFiles|Any CPU.Build.0 = Release|Any CPU
		{59040C96-D78B-4776-A42A-83EC97FC4F36}.Release|Any CPU.ActiveCfg = Release|Any CPU
		{76394E8A-3192-4E68-9B9D-BA585ECC19C0}.Debug|Any CPU.ActiveCfg = Debug|Any CPU
		{76394E8A-3192-4E68-9B9D-BA585ECC19C0}.Debug|Any CPU.Build.0 = Debug|Any CPU
		{76394E8A-3192-4E68-9B9D-BA585ECC19C0}.RegenCodeFiles|Any CPU.ActiveCfg = Release|Any CPU
		{76394E8A-3192-4E68-9B9D-BA585ECC19C0}.RegenCodeFiles|Any CPU.Build.0 = Release|Any CPU
		{76394E8A-3192-4E68-9B9D-BA585ECC19C0}.Release|Any CPU.ActiveCfg = Release|Any CPU
		{76394E8A-3192-4E68-9B9D-BA585ECC19C0}.Release|Any CPU.Build.0 = Release|Any CPU
		{47F9EDF3-E711-4121-B819-83AFDB05F071}.Debug|Any CPU.ActiveCfg = Debug|Any CPU
		{47F9EDF3-E711-4121-B819-83AFDB05F071}.Debug|Any CPU.Build.0 = Debug|Any CPU
		{47F9EDF3-E711-4121-B819-83AFDB05F071}.RegenCodeFiles|Any CPU.ActiveCfg = Release|Any CPU
		{47F9EDF3-E711-4121-B819-83AFDB05F071}.RegenCodeFiles|Any CPU.Build.0 = Release|Any CPU
		{47F9EDF3-E711-4121-B819-83AFDB05F071}.Release|Any CPU.ActiveCfg = Release|Any CPU
		{47F9EDF3-E711-4121-B819-83AFDB05F071}.Release|Any CPU.Build.0 = Release|Any CPU
		{F8A2EA94-BF4E-436B-B180-9ABE10675F7A}.Debug|Any CPU.ActiveCfg = Debug|Any CPU
		{F8A2EA94-BF4E-436B-B180-9ABE10675F7A}.Debug|Any CPU.Build.0 = Debug|Any CPU
		{F8A2EA94-BF4E-436B-B180-9ABE10675F7A}.RegenCodeFiles|Any CPU.ActiveCfg = Release|Any CPU
		{F8A2EA94-BF4E-436B-B180-9ABE10675F7A}.RegenCodeFiles|Any CPU.Build.0 = Release|Any CPU
		{F8A2EA94-BF4E-436B-B180-9ABE10675F7A}.Release|Any CPU.ActiveCfg = Release|Any CPU
		{F8A2EA94-BF4E-436B-B180-9ABE10675F7A}.Release|Any CPU.Build.0 = Release|Any CPU
		{3B410201-4A88-4035-A757-CE7E41521BF9}.Debug|Any CPU.ActiveCfg = Debug|Any CPU
		{3B410201-4A88-4035-A757-CE7E41521BF9}.Debug|Any CPU.Build.0 = Debug|Any CPU
		{3B410201-4A88-4035-A757-CE7E41521BF9}.RegenCodeFiles|Any CPU.ActiveCfg = Release|Any CPU
		{3B410201-4A88-4035-A757-CE7E41521BF9}.RegenCodeFiles|Any CPU.Build.0 = Release|Any CPU
		{3B410201-4A88-4035-A757-CE7E41521BF9}.Release|Any CPU.ActiveCfg = Release|Any CPU
		{3B410201-4A88-4035-A757-CE7E41521BF9}.Release|Any CPU.Build.0 = Release|Any CPU
		{C5CD84F4-C154-46E7-97EE-FE5BA5FFAFB7}.Debug|Any CPU.ActiveCfg = Debug|Any CPU
		{C5CD84F4-C154-46E7-97EE-FE5BA5FFAFB7}.Debug|Any CPU.Build.0 = Debug|Any CPU
		{C5CD84F4-C154-46E7-97EE-FE5BA5FFAFB7}.RegenCodeFiles|Any CPU.ActiveCfg = Release|Any CPU
		{C5CD84F4-C154-46E7-97EE-FE5BA5FFAFB7}.RegenCodeFiles|Any CPU.Build.0 = Release|Any CPU
		{C5CD84F4-C154-46E7-97EE-FE5BA5FFAFB7}.Release|Any CPU.ActiveCfg = Release|Any CPU
		{C5CD84F4-C154-46E7-97EE-FE5BA5FFAFB7}.Release|Any CPU.Build.0 = Release|Any CPU
		{B2EA6CC7-021A-4344-8675-4249A3638C64}.Debug|Any CPU.ActiveCfg = Debug|Any CPU
		{B2EA6CC7-021A-4344-8675-4249A3638C64}.Debug|Any CPU.Build.0 = Debug|Any CPU
		{B2EA6CC7-021A-4344-8675-4249A3638C64}.RegenCodeFiles|Any CPU.ActiveCfg = Release|Any CPU
		{B2EA6CC7-021A-4344-8675-4249A3638C64}.RegenCodeFiles|Any CPU.Build.0 = Release|Any CPU
		{B2EA6CC7-021A-4344-8675-4249A3638C64}.Release|Any CPU.ActiveCfg = Release|Any CPU
		{B2EA6CC7-021A-4344-8675-4249A3638C64}.Release|Any CPU.Build.0 = Release|Any CPU
		{71478FC5-8257-423A-A549-5CE04DD87673}.Debug|Any CPU.ActiveCfg = Debug|Any CPU
		{71478FC5-8257-423A-A549-5CE04DD87673}.Debug|Any CPU.Build.0 = Debug|Any CPU
		{71478FC5-8257-423A-A549-5CE04DD87673}.RegenCodeFiles|Any CPU.ActiveCfg = Release|Any CPU
		{71478FC5-8257-423A-A549-5CE04DD87673}.RegenCodeFiles|Any CPU.Build.0 = Release|Any CPU
		{71478FC5-8257-423A-A549-5CE04DD87673}.Release|Any CPU.ActiveCfg = Release|Any CPU
		{71478FC5-8257-423A-A549-5CE04DD87673}.Release|Any CPU.Build.0 = Release|Any CPU
	EndGlobalSection
	GlobalSection(SolutionProperties) = preSolution
		HideSolutionNode = FALSE
	EndGlobalSection
	GlobalSection(NestedProjects) = preSolution
		{93CA7365-E9A4-4422-B360-8B6245925EC4} = {E5583D20-43DA-4E54-87F7-285D96B0D65C}
		{B9BEBE88-BE39-4FA1-8204-3E12FE048840} = {E5583D20-43DA-4E54-87F7-285D96B0D65C}
		{9FD92FF8-300A-4C01-8D68-CE3D692A0FB3} = {E5583D20-43DA-4E54-87F7-285D96B0D65C}
		{59040C96-D78B-4776-A42A-83EC97FC4F36} = {E5583D20-43DA-4E54-87F7-285D96B0D65C}
	EndGlobalSection
EndGlobal
